
Microsoft Visual Studio Solution File, Format Version 12.00
# Visual Studio 15
VisualStudioVersion = 15.0.28307.1267
MinimumVisualStudioVersion = 10.0.40219.1
Project("{FAE04EC0-301F-11D3-BF4B-00C04F79EFBC}") = "ServiceRest_20180140006_AlfianHidayah", "ServiceRest_20180140006_AlfianHidayah\ServiceRest_20180140006_AlfianHidayah.csproj", "{3B5ECCE8-8CB4-40C8-8E4D-22BE1B58DEFD}"
EndProject
Global
	GlobalSection(SolutionConfigurationPlatforms) = preSolution
		Debug|Any CPU = Debug|Any CPU
		Release|Any CPU = Release|Any CPU
	EndGlobalSection
	GlobalSection(ProjectConfigurationPlatforms) = postSolution
		{3B5ECCE8-8CB4-40C8-8E4D-22BE1B58DEFD}.Debug|Any CPU.ActiveCfg = Debug|Any CPU
		{3B5ECCE8-8CB4-40C8-8E4D-22BE1B58DEFD}.Debug|Any CPU.Build.0 = Debug|Any CPU
		{3B5ECCE8-8CB4-40C8-8E4D-22BE1B58DEFD}.Release|Any CPU.ActiveCfg = Release|Any CPU
		{3B5ECCE8-8CB4-40C8-8E4D-22BE1B58DEFD}.Release|Any CPU.Build.0 = Release|Any CPU
	EndGlobalSection
	GlobalSection(SolutionProperties) = preSolution
		HideSolutionNode = FALSE
	EndGlobalSection
	GlobalSection(ExtensibilityGlobals) = postSolution
		SolutionGuid = {2B981C4E-454E-4C7A-9CB5-849C56194D14}
	EndGlobalSection
EndGlobal
